
Microsoft Visual Studio Solution File, Format Version 12.00
# Visual Studio Version 16
VisualStudioVersion = 16.0.31424.327
MinimumVisualStudioVersion = 10.0.40219.1
Project("{FAE04EC0-301F-11D3-BF4B-00C04F79EFBC}") = "FirstWCFService_019", "FirstWCFService_019\FirstWCFService_019.csproj", "{80D51825-1930-4144-98EB-229724C9B1D4}"
EndProject
Global
	GlobalSection(SolutionConfigurationPlatforms) = preSolution
		Debug|Any CPU = Debug|Any CPU
		Release|Any CPU = Release|Any CPU
	EndGlobalSection
	GlobalSection(ProjectConfigurationPlatforms) = postSolution
		{80D51825-1930-4144-98EB-229724C9B1D4}.Debug|Any CPU.ActiveCfg = Debug|Any CPU
		{80D51825-1930-4144-98EB-229724C9B1D4}.Debug|Any CPU.Build.0 = Debug|Any CPU
		{80D51825-1930-4144-98EB-229724C9B1D4}.Release|Any CPU.ActiveCfg = Release|Any CPU
		{80D51825-1930-4144-98EB-229724C9B1D4}.Release|Any CPU.Build.0 = Release|Any CPU
	EndGlobalSection
	GlobalSection(SolutionProperties) = preSolution
		HideSolutionNode = FALSE
	EndGlobalSection
	GlobalSection(ExtensibilityGlobals) = postSolution
		SolutionGuid = {8B0A1956-CE52-4EF6-9895-053DE71A0E86}
	EndGlobalSection
EndGlobal
